# This file is autogenerated, do not edit; changes may be undone by the next 'dep ensure'.


[[projects]]
  name = "github.com/boltdb/bolt"
  packages = ["."]
  revision = "2f1ce7a837dcb8da3ec595b1dac9d0632f0f99e8"
  version = "v1.3.1"

[[projects]]
  name = "github.com/btcsuite/btcd"
  packages = ["btcec","chaincfg","chaincfg/chainhash","txscript","wire"]
  revision = "d0a9c03844a4a7f4c27e24fdc856333d17ec2f6f"

[[projects]]
  name = "github.com/btcsuite/btclog"
  packages = ["."]
  revision = "73889fb79bd687870312b6e40effcecffbd57d30"

[[projects]]
  name = "github.com/btcsuite/btcutil"
  packages = [".","base58"]
  revision = "96e858f48ed95f9245e765d98be0ee01176409c7"

[[projects]]
  branch = "master"
  name = "github.com/btcsuite/fastsha256"
  packages = ["."]
  revision = "637e656429416087660c84436a2a035d69d54e2e"

[[projects]]
  branch = "master"
  name = "github.com/btcsuite/golangcrypto"
  packages = ["ripemd160"]
  revision = "53f62d9b43e87a6c56975cf862af7edf33a8d0df"

[[projects]]
  name = "github.com/btcsuite/seelog"
  packages = ["."]
  revision = "ae8891d029dd3c269dcfd6f261ad23e761acd99f"
  version = "v2.1"

[[projects]]
  branch = "master"
  name = "github.com/codahale/chacha20"
  packages = ["."]
  revision = "ec07b4f69a3f70b1dd2a8ad77230deb1ba5d6953"

[[projects]]
  name = "github.com/davecgh/go-spew"
  packages = ["spew"]
  revision = "346938d642f2ec3594ed81d874461961cd0faa76"
  version = "v1.1.0"

[[projects]]
  branch = "master"
  name = "github.com/golang/protobuf"
  packages = ["proto"]
  revision = "1643683e1b54a9e88ad26d98f81400c8c9d9f4f9"

[[projects]]
  name = "github.com/julienschmidt/httprouter"
  packages = ["."]
  revision = "8c199fb6259ffc1af525cc3ad52ee60ba8359669"
  version = "v1.1"

[[projects]]
  name = "github.com/op/go-logging"
  packages = ["."]
  revision = "b2cb9fa56473e98db8caba80237377e83fe44db5"
  version = "v1"

[[projects]]
  name = "github.com/pmezard/go-difflib"
  packages = ["difflib"]
  revision = "792786c7400a136282c1664665ae0a8db921c6c2"
  version = "v1.0.0"

[[projects]]
  branch = "master"
  name = "github.com/shopspring/decimal"
  packages = ["."]
  revision = "faaed5fca71709f7bb4e0b0e564089c7a4a1b3a8"

[[projects]]
  name = "github.com/skycoin/skycoin"
  packages = ["src/cipher","src/cipher/base58","src/cipher/chacha20","src/cipher/encoder","src/cipher/go-bip39","src/cipher/ripemd160","src/cipher/secp256k1-go","src/cipher/secp256k1-go/secp256k1-go2","src/coin","src/util/browser","src/util/droplet","src/util/file","src/util/logging","src/util/utc","src/visor","src/visor/blockdb","src/visor/bucket","src/visor/historydb","src/wallet"]
  revision = "b200e2c40ebbce316ae2f40e68d9dd7ff907da33"
  version = "v0.20.3"

[[projects]]
  branch = "master"
  name = "github.com/stretchr/objx"
  packages = ["."]
  revision = "1a9d0bb9f541897e62256577b352fdbc1fb4fd94"

[[projects]]
  name = "github.com/stretchr/testify"
  packages = ["assert","mock"]
  revision = "69483b4bd14f5845b5a1e55bca19e954e827f1d0"
  version = "v1.1.4"

[[projects]]
  name = "github.com/toqueteos/webbrowser"
  packages = ["."]
  revision = "21fc9f95c83442fd164094666f7cb4f9fdd56cd6"
  version = "v1.0"

[[projects]]
  branch = "master"
  name = "github.com/tyler-smith/go-bip39"
  packages = ["."]
  revision = "8e7a99b3e716f36d3b080a9a70f9eb45abe4edcc"

[[projects]]
  branch = "master"
  name = "golang.org/x/crypto"
  packages = ["pbkdf2"]
  revision = "bd6f299fb381e4c3393d1c4b1f0b94f5e77650c8"

[[projects]]
  branch = "master"
  name = "golang.org/x/sys"
  packages = ["unix"]
  revision = "95c6576299259db960f6c5b9b69ea52422860fce"

[solve-meta]
  analyzer-name = "dep"
  analyzer-version = 1
  inputs-digest = "be1a54f9dfdf39313ef602d52654e89d6ac57ad05324794f660abff4e233903a"
  solver-name = "gps-cdcl"
  solver-version = 1
